<?xml version="1.0" encoding="utf-8"?>
<Project ToolsVersion="4.0" xmlns="http://schemas.microsoft.com/developer/msbuild/2003">
  <ItemGroup>
    <FxCompile Include="FX\Basic.fx">
      <Filter>FX</Filter>
    </FxCompile>
    <FxCompile Include="FX\BuildShadowMap.fx">
      <Filter>FX</Filter>
    </FxCompile>
    <FxCompile Include="FX\DebugTexture.fx">
      <Filter>FX</Filter>
    </FxCompile>
    <FxCompile Include="FX\Fire.fx">
      <Filter>FX</Filter>
    </FxCompile>
    <FxCompile Include="FX\InstancedBasic.fx">
      <Filter>FX</Filter>
    </FxCompile>
    <FxCompile Include="FX\LightHelper.fx">
      <Filter>FX</Filter>
    </FxCompile>
    <FxCompile Include="FX\NormalMap.fx">
      <Filter>FX</Filter>
    </FxCompile>
    <FxCompile Include="FX\Sky.fx">
      <Filter>FX</Filter>
    </FxCompile>
    <FxCompile Include="FX\Ssao.fx">
      <Filter>FX</Filter>
    </FxCompile>
    <FxCompile Include="FX\SsaoBlur.fx">
      <Filter>FX</Filter>
    </FxCompile>
    <FxCompile Include="FX\SsaoNormalDepth.fx">
      <Filter>FX</Filter>
    </FxCompile>
    <FxCompile Include="FX\Terrain.fx">
      <Filter>FX</Filter>
    </FxCompile>
  </ItemGroup>
  <ItemGroup>
    <Filter Include="Common">
      <UniqueIdentifier>{412b5d1d-ef98-4c24-a0c2-de377ac0f407}</UniqueIdentifier>
    </Filter>
    <Filter Include="FX">
      <UniqueIdentifier>{e084f150-b82b-4c69-b506-0389a76799c0}</UniqueIdentifier>
    </Filter>
    <Filter Include="souce">
      <UniqueIdentifier>{afc21474-4352-40f5-bb40-fa75219e7efa}</UniqueIdentifier>
    </Filter>
    <Filter Include="souce\2D">
      <UniqueIdentifier>{c7505412-d1ea-411f-aa0c-814260e8fa61}</UniqueIdentifier>
    </Filter>
    <Filter Include="souce\Scene">
      <UniqueIdentifier>{b0bce442-18c3-4386-bad7-34ec35e15dc9}</UniqueIdentifier>
    </Filter>
    <Filter Include="souce\FBXLoader">
      <UniqueIdentifier>{fda9e756-aea2-4a72-b357-1076ddfb7988}</UniqueIdentifier>
    </Filter>
    <Filter Include="souce\Effect">
      <UniqueIdentifier>{91628b2e-e279-4dc6-b13e-dd9297becc52}</UniqueIdentifier>
    </Filter>
    <Filter Include="souce\3DObject">
      <UniqueIdentifier>{fe83f14b-0a13-4bd8-bcde-8e1c59b9bd6b}</UniqueIdentifier>
    </Filter>
    <Filter Include="souce\SkinnedClass">
      <UniqueIdentifier>{5bb07476-67ee-49cc-a371-bd9f5d07ea68}</UniqueIdentifier>
    </Filter>
    <Filter Include="souce\Particle">
      <UniqueIdentifier>{64979b64-6112-45da-8a90-155ebf1ae03f}</UniqueIdentifier>
    </Filter>
    <Filter Include="souce\Sky">
      <UniqueIdentifier>{f66f14f4-ee4b-4206-975d-c1b49fdf18b0}</UniqueIdentifier>
    </Filter>
    <Filter Include="souce\Main">
      <UniqueIdentifier>{273d9cf1-d5f6-4fde-88a7-eaaf6746abff}</UniqueIdentifier>
    </Filter>
    <Filter Include="souce\Models">
      <UniqueIdentifier>{c7086227-6a8f-4044-af31-9cd88414de2d}</UniqueIdentifier>
    </Filter>
    <Filter Include="souce\Vertex">
      <UniqueIdentifier>{a3b6fd6b-4038-4d49-ac13-454586e9e80e}</UniqueIdentifier>
    </Filter>
    <Filter Include="souce\Terrian">
      <UniqueIdentifier>{80f27256-990a-44ad-b6dc-5481aaffb268}</UniqueIdentifier>
    </Filter>
    <Filter Include="souce\EffectMap">
      <UniqueIdentifier>{d7140ab6-40c4-4531-b623-6c51137331d0}</UniqueIdentifier>
    </Filter>
    <Filter Include="FW1FontWrapper">
      <UniqueIdentifier>{2c66c34f-e010-4e48-a801-6be0e341b7fa}</UniqueIdentifier>
    </Filter>
    <Filter Include="Sound">
      <UniqueIdentifier>{27c6c15e-bcb3-4c90-90eb-b3a9b5d32abe}</UniqueIdentifier>
    </Filter>
  </ItemGroup>
  <ItemGroup>
    <CustomBuild Include="FX\color.fx">
      <Filter>FX</Filter>
    </CustomBuild>
    <CustomBuild Include="FX\Rain.fx">
      <Filter>FX</Filter>
    </CustomBuild>
  </ItemGroup>
  <ItemGroup>
    <ClCompile Include="Common\Camera.cpp">
      <Filter>Common</Filter>
    </ClCompile>
    <ClCompile Include="Common\d3dApp.cpp">
      <Filter>Common</Filter>
    </ClCompile>
    <ClCompile Include="Common\d3dUtil.cpp">
      <Filter>Common</Filter>
    </ClCompile>
    <ClCompile Include="Common\dxerr.cpp">
      <Filter>Common</Filter>
    </ClCompile>
    <ClCompile Include="Common\GameTimer.cpp">
      <Filter>Common</Filter>
    </ClCompile>
    <ClCompile Include="Common\GeometryGenerator.cpp">
      <Filter>Common</Filter>
    </ClCompile>
    <ClCompile Include="Common\LightHelper.cpp">
      <Filter>Common</Filter>
    </ClCompile>
    <ClCompile Include="Common\MathHelper.cpp">
      <Filter>Common</Filter>
    </ClCompile>
    <ClCompile Include="Common\TextureMgr.cpp">
      <Filter>Common</Filter>
    </ClCompile>
    <ClCompile Include="Common\Waves.cpp">
      <Filter>Common</Filter>
    </ClCompile>
    <ClCompile Include="Common\xnacollision.cpp">
      <Filter>Common</Filter>
    </ClCompile>
    <ClCompile Include="BitMap.cpp">
      <Filter>souce\2D</Filter>
    </ClCompile>
    <ClCompile Include="MiniMap.cpp">
      <Filter>souce\2D</Filter>
    </ClCompile>
    <ClCompile Include="Texture.cpp">
      <Filter>souce\2D</Filter>
    </ClCompile>
    <ClCompile Include="MainScene.cpp">
      <Filter>souce\Scene</Filter>
    </ClCompile>
    <ClCompile Include="Scene.cpp">
      <Filter>souce\Scene</Filter>
    </ClCompile>
    <ClCompile Include="SceneManager.cpp">
      <Filter>souce\Scene</Filter>
    </ClCompile>
    <ClCompile Include="ButtonClass.cpp">
      <Filter>souce\2D</Filter>
    </ClCompile>
    <ClCompile Include="FbxLoader.cpp">
      <Filter>souce\FBXLoader</Filter>
    </ClCompile>
    <ClCompile Include="Effects.cpp">
      <Filter>souce\Effect</Filter>
    </ClCompile>
    <ClCompile Include="Cordinate.cpp">
      <Filter>souce\3DObject</Filter>
    </ClCompile>
    <ClCompile Include="LoadM3d.cpp">
      <Filter>souce\SkinnedClass</Filter>
    </ClCompile>
    <ClCompile Include="SkinnedData.cpp">
      <Filter>souce\SkinnedClass</Filter>
    </ClCompile>
    <ClCompile Include="ParticleSystem.cpp">
      <Filter>souce\Particle</Filter>
    </ClCompile>
    <ClCompile Include="Sky.cpp">
      <Filter>souce\Sky</Filter>
    </ClCompile>
    <ClCompile Include="Main.cpp">
      <Filter>souce\Main</Filter>
    </ClCompile>
    <ClCompile Include="MainGame.cpp">
      <Filter>souce\Main</Filter>
    </ClCompile>
    <ClCompile Include="MeshGeometry.cpp">
      <Filter>souce\SkinnedClass</Filter>
    </ClCompile>
    <ClCompile Include="Model.cpp">
      <Filter>souce\Models</Filter>
    </ClCompile>
    <ClCompile Include="ModelManager.cpp">
      <Filter>souce\Models</Filter>
    </ClCompile>
    <ClCompile Include="RenderStates.cpp">
      <Filter>souce\Effect</Filter>
    </ClCompile>
    <ClCompile Include="Vertex.cpp">
      <Filter>souce\Vertex</Filter>
    </ClCompile>
    <ClCompile Include="Terrain.cpp">
      <Filter>souce\Terrian</Filter>
    </ClCompile>
    <ClCompile Include="ShadowMap.cpp">
      <Filter>souce\EffectMap</Filter>
    </ClCompile>
    <ClCompile Include="Ssao.cpp">
      <Filter>souce\EffectMap</Filter>
    </ClCompile>
    <ClCompile Include="DrawText.cpp" />
    <ClCompile Include="NetworkMgr.cpp" />
    <ClCompile Include="GameScene.cpp">
      <Filter>souce\Scene</Filter>
    </ClCompile>
    <ClCompile Include="SkinnedModel.cpp">
      <Filter>souce\Models</Filter>
    </ClCompile>
    <ClCompile Include="EndingScene.cpp">
      <Filter>souce\Scene</Filter>
    </ClCompile>
    <ClCompile Include="RoomScene.cpp">
      <Filter>souce\Scene</Filter>
    </ClCompile>
    <ClCompile Include="Sound.cpp">
      <Filter>Sound</Filter>
    </ClCompile>
  </ItemGroup>
  <ItemGroup>
    <ClInclude Include="Common\Camera.h">
      <Filter>Common</Filter>
    </ClInclude>
    <ClInclude Include="Common\d3dApp.h">
      <Filter>Common</Filter>
    </ClInclude>
    <ClInclude Include="Common\d3dUtil.h">
      <Filter>Common</Filter>
    </ClInclude>
    <ClInclude Include="Common\d3dx11effect.h">
      <Filter>Common</Filter>
    </ClInclude>
    <ClInclude Include="Common\d3dxGlobal.h">
      <Filter>Common</Filter>
    </ClInclude>
    <ClInclude Include="Common\dxerr.h">
      <Filter>Common</Filter>
    </ClInclude>
    <ClInclude Include="Common\GameTimer.h">
      <Filter>Common</Filter>
    </ClInclude>
    <ClInclude Include="Common\GeometryGenerator.h">
      <Filter>Common</Filter>
    </ClInclude>
    <ClInclude Include="Common\LightHelper.h">
      <Filter>Common</Filter>
    </ClInclude>
    <ClInclude Include="Common\MathHelper.h">
      <Filter>Common</Filter>
    </ClInclude>
    <ClInclude Include="Common\TextureMgr.h">
      <Filter>Common</Filter>
    </ClInclude>
    <ClInclude Include="Common\Waves.h">
      <Filter>Common</Filter>
    </ClInclude>
    <ClInclude Include="Common\xnacollision.h">
      <Filter>Common</Filter>
    </ClInclude>
    <ClInclude Include="BitMap.h">
      <Filter>souce\2D</Filter>
    </ClInclude>
    <ClInclude Include="MiniMap.h">
      <Filter>souce\2D</Filter>
    </ClInclude>
    <ClInclude Include="Texture.h">
      <Filter>souce\2D</Filter>
    </ClInclude>
    <ClInclude Include="MainScene.h">
      <Filter>souce\Scene</Filter>
    </ClInclude>
    <ClInclude Include="Scene.h">
      <Filter>souce\Scene</Filter>
    </ClInclude>
    <ClInclude Include="SceneManager.h">
      <Filter>souce\Scene</Filter>
    </ClInclude>
    <ClInclude Include="ButtonClass.h">
      <Filter>souce\2D</Filter>
    </ClInclude>
    <ClInclude Include="FbxLoader.h">
      <Filter>souce\FBXLoader</Filter>
    </ClInclude>
    <ClInclude Include="Effects.h">
      <Filter>souce\Effect</Filter>
    </ClInclude>
    <ClInclude Include="Cordinate.h">
      <Filter>souce\3DObject</Filter>
    </ClInclude>
    <ClInclude Include="LoadM3d.h">
      <Filter>souce\SkinnedClass</Filter>
    </ClInclude>
    <ClInclude Include="SkinnedData.h">
      <Filter>souce\SkinnedClass</Filter>
    </ClInclude>
    <ClInclude Include="ParticleSystem.h">
      <Filter>souce\Particle</Filter>
    </ClInclude>
    <ClInclude Include="Sky.h">
      <Filter>souce\Sky</Filter>
    </ClInclude>
    <ClInclude Include="MainGame.h">
      <Filter>souce\Main</Filter>
    </ClInclude>
    <ClInclude Include="MeshGeometry.h">
      <Filter>souce\SkinnedClass</Filter>
    </ClInclude>
    <ClInclude Include="Model.h">
      <Filter>souce\Models</Filter>
    </ClInclude>
    <ClInclude Include="ModelManager.h">
      <Filter>souce\Models</Filter>
    </ClInclude>
    <ClInclude Include="RenderStates.h">
      <Filter>souce\Effect</Filter>
    </ClInclude>
    <ClInclude Include="Vertex.h">
      <Filter>souce\Vertex</Filter>
    </ClInclude>
    <ClInclude Include="Terrain.h">
      <Filter>souce\Terrian</Filter>
    </ClInclude>
    <ClInclude Include="ShadowMap.h">
      <Filter>souce\EffectMap</Filter>
    </ClInclude>
    <ClInclude Include="Ssao.h">
      <Filter>souce\EffectMap</Filter>
    </ClInclude>
    <ClInclude Include="FW1FontWrapper.h">
      <Filter>FW1FontWrapper</Filter>
    </ClInclude>
    <ClInclude Include="DrawText.h" />
    <ClInclude Include="NetworkMgr.h" />
    <ClInclude Include="GameScene.h">
      <Filter>souce\Scene</Filter>
    </ClInclude>
    <ClInclude Include="SkinnedModel.h">
      <Filter>souce\Models</Filter>
    </ClInclude>
    <ClInclude Include="EndingScene.h">
      <Filter>souce\Scene</Filter>
    </ClInclude>
    <ClInclude Include="RoomScene.h">
      <Filter>souce\Scene</Filter>
    </ClInclude>
    <ClInclude Include="Sound.h">
      <Filter>Sound</Filter>
    </ClInclude>
  </ItemGroup>
</Project>