<?xml version="1.0" encoding="utf-8"?>
<Project ToolsVersion="4.0" xmlns="http://schemas.microsoft.com/developer/msbuild/2003">
  <ItemGroup>
    <Filter Include="Source Files">
      <UniqueIdentifier>{4FC737F1-C7A5-4376-A066-2A32D752A2FF}</UniqueIdentifier>
      <Extensions>cpp;c;cc;cxx;def;odl;idl;hpj;bat;asm;asmx</Extensions>
    </Filter>
    <Filter Include="Header Files">
      <UniqueIdentifier>{93995380-89BD-4b04-88EB-625FBE52EBFB}</UniqueIdentifier>
      <Extensions>h;hpp;hxx;hm;inl;inc;xsd</Extensions>
    </Filter>
    <Filter Include="Resource Files">
      <UniqueIdentifier>{67DA6AB6-F800-4c08-8B7A-83BB121AAD01}</UniqueIdentifier>
      <Extensions>rc;ico;cur;bmp;dlg;rc2;rct;bin;rgs;gif;jpg;jpeg;jpe;resx;tiff;tif;png;wav;mfcribbon-ms</Extensions>
    </Filter>
    <Filter Include="Common">
      <UniqueIdentifier>{d2e2a002-e4a4-471c-9ddb-b41efd5f0e3a}</UniqueIdentifier>
    </Filter>
    <Filter Include="FX">
      <UniqueIdentifier>{ddb510f0-86c2-4ad3-a801-361c96e98c4e}</UniqueIdentifier>
    </Filter>
    <Filter Include="Source Files\00 FBXLoader">
      <UniqueIdentifier>{e3d6ba9d-5e76-4f0e-83e7-9e8b4bd227ef}</UniqueIdentifier>
    </Filter>
    <Filter Include="Source Files\99 Scene">
      <UniqueIdentifier>{4f8f113f-6a06-43f2-9261-cfd65ef93d27}</UniqueIdentifier>
    </Filter>
    <Filter Include="Source Files\00 Object">
      <UniqueIdentifier>{58efbd12-b275-4fcc-aae5-23b9e8394dff}</UniqueIdentifier>
    </Filter>
    <Filter Include="Source Files\01 Effects">
      <UniqueIdentifier>{0c80e789-8bf3-4901-b728-61b78654b4a2}</UniqueIdentifier>
    </Filter>
    <Filter Include="Source Files\Sky">
      <UniqueIdentifier>{409c8258-139d-4350-b1b9-e2d0f36860fa}</UniqueIdentifier>
    </Filter>
    <Filter Include="Source Files\Terrain">
      <UniqueIdentifier>{6531c057-db56-4940-b46e-1ff971072e5d}</UniqueIdentifier>
    </Filter>
    <Filter Include="Source Files\MainGame">
      <UniqueIdentifier>{b9598f8b-563f-4be6-8c34-101ea0f233e5}</UniqueIdentifier>
    </Filter>
    <Filter Include="Source Files\01 Effects\RenderState">
      <UniqueIdentifier>{f854c84c-be84-461c-b2b6-5325efb76ba0}</UniqueIdentifier>
    </Filter>
    <Filter Include="Source Files\01 Effects\ParticleSystem">
      <UniqueIdentifier>{0567adf7-8142-499e-8ae9-890af9cb7352}</UniqueIdentifier>
    </Filter>
    <Filter Include="Source Files\02 MiniMap">
      <UniqueIdentifier>{fadee7c4-acae-4ef8-b832-750764ae638e}</UniqueIdentifier>
    </Filter>
    <Filter Include="Source Files\00 Object\01 DynamicObjcet">
      <UniqueIdentifier>{b6af5a3b-5a95-44cb-88b1-113106975362}</UniqueIdentifier>
    </Filter>
    <Filter Include="Source Files\00 Object\02 Coordinate">
      <UniqueIdentifier>{81901539-93ee-46f7-bec5-18ae1ce38a18}</UniqueIdentifier>
    </Filter>
    <Filter Include="Source Files\00 Vertex">
      <UniqueIdentifier>{7e0ece3b-4bbd-4fd4-a408-21858e329224}</UniqueIdentifier>
    </Filter>
    <Filter Include="Source Files\ShadowMap">
      <UniqueIdentifier>{ef84a664-9d3a-446e-a4ba-0b4e48b349b3}</UniqueIdentifier>
    </Filter>
    <Filter Include="Source Files\StaticModel">
      <UniqueIdentifier>{0ac9d828-468b-4aab-9b0b-c6eab64cd3dc}</UniqueIdentifier>
    </Filter>
  </ItemGroup>
  <ItemGroup>
    <ClCompile Include="Common\Camera.cpp">
      <Filter>Common</Filter>
    </ClCompile>
    <ClCompile Include="Common\d3dApp.cpp">
      <Filter>Common</Filter>
    </ClCompile>
    <ClCompile Include="Common\d3dUtil.cpp">
      <Filter>Common</Filter>
    </ClCompile>
    <ClCompile Include="Common\GameTimer.cpp">
      <Filter>Common</Filter>
    </ClCompile>
    <ClCompile Include="Common\GeometryGenerator.cpp">
      <Filter>Common</Filter>
    </ClCompile>
    <ClCompile Include="Common\LightHelper.cpp">
      <Filter>Common</Filter>
    </ClCompile>
    <ClCompile Include="Common\MathHelper.cpp">
      <Filter>Common</Filter>
    </ClCompile>
    <ClCompile Include="Common\TextureMgr.cpp">
      <Filter>Common</Filter>
    </ClCompile>
    <ClCompile Include="Common\Waves.cpp">
      <Filter>Common</Filter>
    </ClCompile>
    <ClCompile Include="Common\xnacollision.cpp">
      <Filter>Common</Filter>
    </ClCompile>
    <ClCompile Include="Common\dxerr.cpp">
      <Filter>Common</Filter>
    </ClCompile>
    <ClCompile Include="FbxLoader.cpp">
      <Filter>Source Files\00 FBXLoader</Filter>
    </ClCompile>
    <ClCompile Include="Effects.cpp">
      <Filter>Source Files\01 Effects</Filter>
    </ClCompile>
    <ClCompile Include="ParticleSystem.cpp">
      <Filter>Source Files\01 Effects\ParticleSystem</Filter>
    </ClCompile>
    <ClCompile Include="Sky.cpp">
      <Filter>Source Files\Sky</Filter>
    </ClCompile>
    <ClCompile Include="Terrain.cpp">
      <Filter>Source Files\Terrain</Filter>
    </ClCompile>
    <ClCompile Include="RenderStates.cpp">
      <Filter>Source Files\01 Effects\RenderState</Filter>
    </ClCompile>
    <ClCompile Include="Vertex.cpp">
      <Filter>Source Files\00 Vertex</Filter>
    </ClCompile>
    <ClCompile Include="MainGame.cpp">
      <Filter>Source Files\MainGame</Filter>
    </ClCompile>
    <ClCompile Include="SceneManager.cpp">
      <Filter>Source Files\99 Scene</Filter>
    </ClCompile>
    <ClCompile Include="Texture.cpp">
      <Filter>Source Files\02 MiniMap</Filter>
    </ClCompile>
    <ClCompile Include="BitMap.cpp">
      <Filter>Source Files\02 MiniMap</Filter>
    </ClCompile>
    <ClCompile Include="MiniMap.cpp">
      <Filter>Source Files\02 MiniMap</Filter>
    </ClCompile>
    <ClCompile Include="DynamicObject.cpp">
      <Filter>Source Files\00 Object\01 DynamicObjcet</Filter>
    </ClCompile>
    <ClCompile Include="TestScene.cpp">
      <Filter>Source Files\99 Scene</Filter>
    </ClCompile>
    <ClCompile Include="Cordinate.cpp">
      <Filter>Source Files\00 Object\02 Coordinate</Filter>
    </ClCompile>
    <ClCompile Include="Main.cpp">
      <Filter>Source Files</Filter>
    </ClCompile>
    <ClCompile Include="ShadowMap.cpp">
      <Filter>Source Files\ShadowMap</Filter>
    </ClCompile>
    <ClCompile Include="StaticNormalModel.cpp">
      <Filter>Source Files\StaticModel</Filter>
    </ClCompile>
  </ItemGroup>
  <ItemGroup>
    <CustomBuild Include="FX\color.fx">
      <Filter>FX</Filter>
    </CustomBuild>
  </ItemGroup>
  <ItemGroup>
    <ClInclude Include="Common\Camera.h">
      <Filter>Common</Filter>
    </ClInclude>
    <ClInclude Include="Common\d3dApp.h">
      <Filter>Common</Filter>
    </ClInclude>
    <ClInclude Include="Common\d3dUtil.h">
      <Filter>Common</Filter>
    </ClInclude>
    <ClInclude Include="Common\d3dx11effect.h">
      <Filter>Common</Filter>
    </ClInclude>
    <ClInclude Include="Common\d3dxGlobal.h">
      <Filter>Common</Filter>
    </ClInclude>
    <ClInclude Include="Common\GameTimer.h">
      <Filter>Common</Filter>
    </ClInclude>
    <ClInclude Include="Common\GeometryGenerator.h">
      <Filter>Common</Filter>
    </ClInclude>
    <ClInclude Include="Common\LightHelper.h">
      <Filter>Common</Filter>
    </ClInclude>
    <ClInclude Include="Common\MathHelper.h">
      <Filter>Common</Filter>
    </ClInclude>
    <ClInclude Include="Common\TextureMgr.h">
      <Filter>Common</Filter>
    </ClInclude>
    <ClInclude Include="Common\Waves.h">
      <Filter>Common</Filter>
    </ClInclude>
    <ClInclude Include="Common\xnacollision.h">
      <Filter>Common</Filter>
    </ClInclude>
    <ClInclude Include="Common\dxerr.h">
      <Filter>Common</Filter>
    </ClInclude>
    <ClInclude Include="FbxLoader.h">
      <Filter>Source Files\00 FBXLoader</Filter>
    </ClInclude>
    <ClInclude Include="Scene.h">
      <Filter>Source Files\99 Scene</Filter>
    </ClInclude>
    <ClInclude Include="Effects.h">
      <Filter>Source Files\01 Effects</Filter>
    </ClInclude>
    <ClInclude Include="ParticleSystem.h">
      <Filter>Source Files\01 Effects\ParticleSystem</Filter>
    </ClInclude>
    <ClInclude Include="Sky.h">
      <Filter>Source Files\Sky</Filter>
    </ClInclude>
    <ClInclude Include="Terrain.h">
      <Filter>Source Files\Terrain</Filter>
    </ClInclude>
    <ClInclude Include="RenderStates.h">
      <Filter>Source Files\01 Effects\RenderState</Filter>
    </ClInclude>
    <ClInclude Include="Vertex.h">
      <Filter>Source Files\00 Vertex</Filter>
    </ClInclude>
    <ClInclude Include="MainGame.h">
      <Filter>Source Files\MainGame</Filter>
    </ClInclude>
    <ClInclude Include="SceneManager.h">
      <Filter>Source Files\99 Scene</Filter>
    </ClInclude>
    <ClInclude Include="Texture.h">
      <Filter>Source Files\02 MiniMap</Filter>
    </ClInclude>
    <ClInclude Include="BitMap.h">
      <Filter>Source Files\02 MiniMap</Filter>
    </ClInclude>
    <ClInclude Include="MiniMap.h">
      <Filter>Source Files\02 MiniMap</Filter>
    </ClInclude>
    <ClInclude Include="DynamicObject.h">
      <Filter>Source Files\00 Object\01 DynamicObjcet</Filter>
    </ClInclude>
    <ClInclude Include="TestScene.h">
      <Filter>Source Files\99 Scene</Filter>
    </ClInclude>
    <ClInclude Include="Cordinate.h">
      <Filter>Source Files\00 Object\02 Coordinate</Filter>
    </ClInclude>
    <ClInclude Include="ShadowMap.h">
      <Filter>Source Files\ShadowMap</Filter>
    </ClInclude>
    <ClInclude Include="StaticNormalModel.h">
      <Filter>Source Files\StaticModel</Filter>
    </ClInclude>
  </ItemGroup>
  <ItemGroup>
    <FxCompile Include="FX\Basic.fx">
      <Filter>FX</Filter>
    </FxCompile>
    <FxCompile Include="FX\Fire.fx">
      <Filter>FX</Filter>
    </FxCompile>
    <FxCompile Include="FX\LightHelper.fx">
      <Filter>FX</Filter>
    </FxCompile>
    <FxCompile Include="FX\Rain.fx">
      <Filter>FX</Filter>
    </FxCompile>
    <FxCompile Include="FX\Sky.fx">
      <Filter>FX</Filter>
    </FxCompile>
    <FxCompile Include="FX\Terrain.fx">
      <Filter>FX</Filter>
    </FxCompile>
    <FxCompile Include="FX\BuildShadowMap.fx">
      <Filter>FX</Filter>
    </FxCompile>
    <FxCompile Include="FX\SsaoNormalDepth.fx">
      <Filter>FX</Filter>
    </FxCompile>
    <FxCompile Include="FX\NormalMap.fx">
      <Filter>FX</Filter>
    </FxCompile>
    <FxCompile Include="FX\Ssao.fx">
      <Filter>FX</Filter>
    </FxCompile>
    <FxCompile Include="FX\SsaoBlur.fx">
      <Filter>FX</Filter>
    </FxCompile>
    <FxCompile Include="FX\DebugTexture.fx">
      <Filter>FX</Filter>
    </FxCompile>
    <FxCompile Include="FX\InstancedBasic.fx">
      <Filter>FX</Filter>
    </FxCompile>
  </ItemGroup>
  <ItemGroup>
    <None Include="ClassDiagram.cd" />
    <None Include="ClassDiagram1.cd" />
  </ItemGroup>
</Project>