
Microsoft Visual Studio Solution File, Format Version 12.00
# Visual Studio Version 16
VisualStudioVersion = 16.0.30114.105
MinimumVisualStudioVersion = 10.0.40219.1
Project("{8BC9CEB8-8B4A-11D0-8D11-00A0C91BC942}") = "Darkness", "DarknessClient.vcxproj", "{E76DB861-9CF7-4CF2-A077-78AA9E5F5303}"
EndProject
Project("{8BC9CEB8-8B4A-11D0-8D11-00A0C91BC942}") = "Darkness_GamePlay_Server", "..\Darkness_GamePlay_Server\Darkness_GamePlay_Server.vcxproj", "{BF186D90-C261-42DE-A3EC-76572977FB46}"
EndProject
Project("{8BC9CEB8-8B4A-11D0-8D11-00A0C91BC942}") = "DarknessRefactoring", "..\DarknessRefactoring\DarknessRefactoring.vcxproj", "{78F56EC3-2278-4D9E-A10E-78B002FBDDC1}"
EndProject
Project("{8BC9CEB8-8B4A-11D0-8D11-00A0C91BC942}") = "YH_FBXConverter", "..\YH_FBXConverter\YH_FBXConverter.vcxproj", "{0931B5D4-D8F6-469A-92FD-E334D984CB5A}"
EndProject
Global
	GlobalSection(SolutionConfigurationPlatforms) = preSolution
		Debug|Win32 = Debug|Win32
		Debug|x64 = Debug|x64
		Release|Win32 = Release|Win32
		Release|x64 = Release|x64
	EndGlobalSection
	GlobalSection(ProjectConfigurationPlatforms) = postSolution
		{E76DB861-9CF7-4CF2-A077-78AA9E5F5303}.Debug|Win32.ActiveCfg = Debug|Win32
		{E76DB861-9CF7-4CF2-A077-78AA9E5F5303}.Debug|Win32.Build.0 = Debug|Win32
		{E76DB861-9CF7-4CF2-A077-78AA9E5F5303}.Debug|x64.ActiveCfg = Debug|x64
		{E76DB861-9CF7-4CF2-A077-78AA9E5F5303}.Debug|x64.Build.0 = Debug|x64
		{E76DB861-9CF7-4CF2-A077-78AA9E5F5303}.Debug|x64.Deploy.0 = Debug|x64
		{E76DB861-9CF7-4CF2-A077-78AA9E5F5303}.Release|Win32.ActiveCfg = Release|Win32
		{E76DB861-9CF7-4CF2-A077-78AA9E5F5303}.Release|Win32.Build.0 = Release|Win32
		{E76DB861-9CF7-4CF2-A077-78AA9E5F5303}.Release|x64.ActiveCfg = Release|x64
		{E76DB861-9CF7-4CF2-A077-78AA9E5F5303}.Release|x64.Build.0 = Release|x64
		{BF186D90-C261-42DE-A3EC-76572977FB46}.Debug|Win32.ActiveCfg = Debug|Win32
		{BF186D90-C261-42DE-A3EC-76572977FB46}.Debug|Win32.Build.0 = Debug|Win32
		{BF186D90-C261-42DE-A3EC-76572977FB46}.Debug|x64.ActiveCfg = Debug|x64
		{BF186D90-C261-42DE-A3EC-76572977FB46}.Debug|x64.Build.0 = Debug|x64
		{BF186D90-C261-42DE-A3EC-76572977FB46}.Release|Win32.ActiveCfg = Release|Win32
		{BF186D90-C261-42DE-A3EC-76572977FB46}.Release|Win32.Build.0 = Release|Win32
		{BF186D90-C261-42DE-A3EC-76572977FB46}.Release|x64.ActiveCfg = Release|x64
		{BF186D90-C261-42DE-A3EC-76572977FB46}.Release|x64.Build.0 = Release|x64
		{78F56EC3-2278-4D9E-A10E-78B002FBDDC1}.Debug|Win32.ActiveCfg = Debug|Win32
		{78F56EC3-2278-4D9E-A10E-78B002FBDDC1}.Debug|Win32.Build.0 = Debug|Win32
		{78F56EC3-2278-4D9E-A10E-78B002FBDDC1}.Debug|x64.ActiveCfg = Debug|x64
		{78F56EC3-2278-4D9E-A10E-78B002FBDDC1}.Debug|x64.Build.0 = Debug|x64
		{78F56EC3-2278-4D9E-A10E-78B002FBDDC1}.Release|Win32.ActiveCfg = Release|Win32
		{78F56EC3-2278-4D9E-A10E-78B002FBDDC1}.Release|Win32.Build.0 = Release|Win32
		{78F56EC3-2278-4D9E-A10E-78B002FBDDC1}.Release|x64.ActiveCfg = Release|x64
		{78F56EC3-2278-4D9E-A10E-78B002FBDDC1}.Release|x64.Build.0 = Release|x64
		{0931B5D4-D8F6-469A-92FD-E334D984CB5A}.Debug|Win32.ActiveCfg = Debug|Win32
		{0931B5D4-D8F6-469A-92FD-E334D984CB5A}.Debug|Win32.Build.0 = Debug|Win32
		{0931B5D4-D8F6-469A-92FD-E334D984CB5A}.Debug|x64.ActiveCfg = Debug|x64
		{0931B5D4-D8F6-469A-92FD-E334D984CB5A}.Debug|x64.Build.0 = Debug|x64
		{0931B5D4-D8F6-469A-92FD-E334D984CB5A}.Release|Win32.ActiveCfg = Release|Win32
		{0931B5D4-D8F6-469A-92FD-E334D984CB5A}.Release|Win32.Build.0 = Release|Win32
		{0931B5D4-D8F6-469A-92FD-E334D984CB5A}.Release|x64.ActiveCfg = Release|x64
		{0931B5D4-D8F6-469A-92FD-E334D984CB5A}.Release|x64.Build.0 = Release|x64
	EndGlobalSection
	GlobalSection(SolutionProperties) = preSolution
		HideSolutionNode = FALSE
	EndGlobalSection
	GlobalSection(ExtensibilityGlobals) = postSolution
		SolutionGuid = {0684F17D-C991-426C-8419-CB23FA72D1AA}
	EndGlobalSection
EndGlobal
