<?xml version="1.0" encoding="utf-8"?>
<Project ToolsVersion="4.0" xmlns="http://schemas.microsoft.com/developer/msbuild/2003">
  <ItemGroup>
    <Filter Include="소스 파일">
      <UniqueIdentifier>{4FC737F1-C7A5-4376-A066-2A32D752A2FF}</UniqueIdentifier>
      <Extensions>cpp;c;cc;cxx;def;odl;idl;hpj;bat;asm;asmx</Extensions>
    </Filter>
    <Filter Include="헤더 파일">
      <UniqueIdentifier>{93995380-89BD-4b04-88EB-625FBE52EBFB}</UniqueIdentifier>
      <Extensions>h;hh;hpp;hxx;hm;inl;inc;xsd</Extensions>
    </Filter>
    <Filter Include="리소스 파일">
      <UniqueIdentifier>{67DA6AB6-F800-4c08-8B7A-83BB121AAD01}</UniqueIdentifier>
      <Extensions>rc;ico;cur;bmp;dlg;rc2;rct;bin;rgs;gif;jpg;jpeg;jpe;resx;tiff;tif;png;wav;mfcribbon-ms</Extensions>
    </Filter>
    <Filter Include="소스 파일\default">
      <UniqueIdentifier>{291411a0-da7a-4598-a499-1e8804cd0b89}</UniqueIdentifier>
    </Filter>
    <Filter Include="소스 파일\Server">
      <UniqueIdentifier>{6cac9428-cd0d-4d5e-9ec3-8ad2ffeee1fe}</UniqueIdentifier>
    </Filter>
    <Filter Include="소스 파일\Mynamespace">
      <UniqueIdentifier>{aea45544-0963-40f7-92cf-f3c6367c7d95}</UniqueIdentifier>
    </Filter>
    <Filter Include="소스 파일\ThreadFunctions">
      <UniqueIdentifier>{fe6e42f3-91f3-46ec-9a7e-a7b7e43067ee}</UniqueIdentifier>
    </Filter>
    <Filter Include="소스 파일\Object">
      <UniqueIdentifier>{50dab970-3afc-43cb-9229-509e52d50aca}</UniqueIdentifier>
    </Filter>
    <Filter Include="소스 파일\Object\Player">
      <UniqueIdentifier>{63fded85-8d4e-41c6-8c98-e6840afdb2c1}</UniqueIdentifier>
    </Filter>
    <Filter Include="소스 파일\Object\NPC">
      <UniqueIdentifier>{c4e036ae-7db5-4f19-b833-406b881ae21c}</UniqueIdentifier>
    </Filter>
    <Filter Include="소스 파일\SyncObject">
      <UniqueIdentifier>{7833fc14-8ecc-4847-986b-f4f505354c03}</UniqueIdentifier>
    </Filter>
    <Filter Include="소스 파일\SyncObject\Timer">
      <UniqueIdentifier>{26e96db2-f2fc-4d21-8e55-591229c81dc9}</UniqueIdentifier>
    </Filter>
    <Filter Include="소스 파일\Obstacle">
      <UniqueIdentifier>{d07e4ffb-e726-4cea-9915-54d8b762f9c2}</UniqueIdentifier>
    </Filter>
    <Filter Include="소스 파일\Common">
      <UniqueIdentifier>{a68297d7-64ce-4de6-930a-da69dda7c64c}</UniqueIdentifier>
    </Filter>
  </ItemGroup>
  <ItemGroup>
    <Text Include="ReadMe.txt" />
  </ItemGroup>
  <ItemGroup>
    <ClInclude Include="Server.h">
      <Filter>소스 파일\Server</Filter>
    </ClInclude>
    <ClInclude Include="stdafx.h">
      <Filter>소스 파일\default</Filter>
    </ClInclude>
    <ClInclude Include="targetver.h">
      <Filter>소스 파일\default</Filter>
    </ClInclude>
    <ClInclude Include="Mynamespace.h">
      <Filter>소스 파일\Mynamespace</Filter>
    </ClInclude>
    <ClInclude Include="Myheader.h">
      <Filter>헤더 파일</Filter>
    </ClInclude>
    <ClInclude Include="Overlapped_Ex.h">
      <Filter>헤더 파일</Filter>
    </ClInclude>
    <ClInclude Include="Protocol.h">
      <Filter>헤더 파일</Filter>
    </ClInclude>
    <ClInclude Include="ThreadFunctions.h">
      <Filter>소스 파일\ThreadFunctions</Filter>
    </ClInclude>
    <ClInclude Include="Object.h">
      <Filter>소스 파일\Object</Filter>
    </ClInclude>
    <ClInclude Include="Player.h">
      <Filter>소스 파일\Object\Player</Filter>
    </ClInclude>
    <ClInclude Include="NPC.h">
      <Filter>소스 파일\Object\NPC</Filter>
    </ClInclude>
    <ClInclude Include="SyncObject.h">
      <Filter>소스 파일\SyncObject</Filter>
    </ClInclude>
    <ClInclude Include="Timer.h">
      <Filter>소스 파일\SyncObject\Timer</Filter>
    </ClInclude>
    <ClInclude Include="Obstacle.h">
      <Filter>소스 파일\Obstacle</Filter>
    </ClInclude>
    <ClInclude Include="xnacollision.h">
      <Filter>소스 파일\Common</Filter>
    </ClInclude>
  </ItemGroup>
  <ItemGroup>
    <ClCompile Include="Server.cpp">
      <Filter>소스 파일\Server</Filter>
    </ClCompile>
    <ClCompile Include="Darkness_GamePlay_Server.cpp">
      <Filter>소스 파일\default</Filter>
    </ClCompile>
    <ClCompile Include="stdafx.cpp">
      <Filter>소스 파일\default</Filter>
    </ClCompile>
    <ClCompile Include="Mynamespace.cpp">
      <Filter>소스 파일\Mynamespace</Filter>
    </ClCompile>
    <ClCompile Include="ThreadFunctions.cpp">
      <Filter>소스 파일\ThreadFunctions</Filter>
    </ClCompile>
    <ClCompile Include="Object.cpp">
      <Filter>소스 파일\Object</Filter>
    </ClCompile>
    <ClCompile Include="Player.cpp">
      <Filter>소스 파일\Object\Player</Filter>
    </ClCompile>
    <ClCompile Include="NPC.cpp">
      <Filter>소스 파일\Object\NPC</Filter>
    </ClCompile>
    <ClCompile Include="SyncObject.cpp">
      <Filter>소스 파일\SyncObject</Filter>
    </ClCompile>
    <ClCompile Include="Timer.cpp">
      <Filter>소스 파일\SyncObject\Timer</Filter>
    </ClCompile>
    <ClCompile Include="Obstacle.cpp">
      <Filter>소스 파일\Obstacle</Filter>
    </ClCompile>
    <ClCompile Include="xnacollision.cpp">
      <Filter>소스 파일\Common</Filter>
    </ClCompile>
  </ItemGroup>
</Project>