<?xml version="1.0" encoding="utf-8"?>
<Project ToolsVersion="4.0" xmlns="http://schemas.microsoft.com/developer/msbuild/2003">
  <ItemGroup>
    <Filter Include="소스 파일">
      <UniqueIdentifier>{4FC737F1-C7A5-4376-A066-2A32D752A2FF}</UniqueIdentifier>
      <Extensions>cpp;c;cc;cxx;def;odl;idl;hpj;bat;asm;asmx</Extensions>
    </Filter>
    <Filter Include="헤더 파일">
      <UniqueIdentifier>{93995380-89BD-4b04-88EB-625FBE52EBFB}</UniqueIdentifier>
      <Extensions>h;hh;hpp;hxx;hm;inl;inc;xsd</Extensions>
    </Filter>
    <Filter Include="리소스 파일">
      <UniqueIdentifier>{67DA6AB6-F800-4c08-8B7A-83BB121AAD01}</UniqueIdentifier>
      <Extensions>rc;ico;cur;bmp;dlg;rc2;rct;bin;rgs;gif;jpg;jpeg;jpe;resx;tiff;tif;png;wav;mfcribbon-ms</Extensions>
    </Filter>
    <Filter Include="소스 파일\Default">
      <UniqueIdentifier>{e168e702-ccf1-45f9-b256-a8cfdc9c6a48}</UniqueIdentifier>
    </Filter>
    <Filter Include="소스 파일\CServer">
      <UniqueIdentifier>{10c893df-20c9-4cfe-877d-16e4ed088ed5}</UniqueIdentifier>
    </Filter>
    <Filter Include="소스 파일\CUser">
      <UniqueIdentifier>{08d783e2-23f6-4113-b29c-bb3b19db4a81}</UniqueIdentifier>
    </Filter>
    <Filter Include="소스 파일\Mynamespace">
      <UniqueIdentifier>{b4f17be9-69ea-403e-92c7-3dc47cc0681f}</UniqueIdentifier>
    </Filter>
    <Filter Include="소스 파일\ThreadFunctions">
      <UniqueIdentifier>{f39d0e68-319d-4bb9-8b0a-4d6667e7448d}</UniqueIdentifier>
    </Filter>
    <Filter Include="소스 파일\CObject">
      <UniqueIdentifier>{1250ebf8-0824-464b-906b-46269cc69d2a}</UniqueIdentifier>
    </Filter>
    <Filter Include="소스 파일\CObject\CPlayer">
      <UniqueIdentifier>{24135495-d886-40b4-b9c4-7ae2f5d9d0eb}</UniqueIdentifier>
    </Filter>
    <Filter Include="소스 파일\CObject\CMonster">
      <UniqueIdentifier>{a86dd25a-934a-4121-b076-fde874eb0d7c}</UniqueIdentifier>
    </Filter>
  </ItemGroup>
  <ItemGroup>
    <ClInclude Include="targetver.h">
      <Filter>소스 파일\Default</Filter>
    </ClInclude>
    <ClInclude Include="stdafx.h">
      <Filter>소스 파일\Default</Filter>
    </ClInclude>
    <ClInclude Include="Server.h">
      <Filter>소스 파일\CServer</Filter>
    </ClInclude>
    <ClInclude Include="User.h">
      <Filter>소스 파일\CUser</Filter>
    </ClInclude>
    <ClInclude Include="Mynamespace.h">
      <Filter>소스 파일\Mynamespace</Filter>
    </ClInclude>
    <ClInclude Include="ThreadFunctions.h">
      <Filter>소스 파일\ThreadFunctions</Filter>
    </ClInclude>
    <ClInclude Include="Myheader.h">
      <Filter>헤더 파일</Filter>
    </ClInclude>
    <ClInclude Include="Overlapped_Ex.h">
      <Filter>헤더 파일</Filter>
    </ClInclude>
    <ClInclude Include="Protocol.h">
      <Filter>헤더 파일</Filter>
    </ClInclude>
  </ItemGroup>
  <ItemGroup>
    <ClCompile Include="stdafx.cpp">
      <Filter>소스 파일\Default</Filter>
    </ClCompile>
    <ClCompile Include="Darkness_Server.cpp">
      <Filter>소스 파일\Default</Filter>
    </ClCompile>
    <ClCompile Include="Server.cpp">
      <Filter>소스 파일\CServer</Filter>
    </ClCompile>
    <ClCompile Include="User.cpp">
      <Filter>소스 파일\CUser</Filter>
    </ClCompile>
    <ClCompile Include="Mynamespace.cpp">
      <Filter>소스 파일\Mynamespace</Filter>
    </ClCompile>
    <ClCompile Include="ThreadFunctions.cpp">
      <Filter>소스 파일\ThreadFunctions</Filter>
    </ClCompile>
  </ItemGroup>
  <ItemGroup>
    <Text Include="ReadMe.txt" />
  </ItemGroup>
</Project>